// !$*UTF8*$!
{
	archiveVersion = 1;
	classes = {
	};
	objectVersion = 46;
	objects = {

/* Begin PBXBuildFile section */
		92E16B5F1CA0875C00E6F271 /* ShareViewController.swift in Sources */ = {isa = PBXBuildFile; fileRef = 92E16B5E1CA0875C00E6F271 /* ShareViewController.swift */; };
		92E16B621CA0875C00E6F271 /* MainInterface.storyboard in Resources */ = {isa = PBXBuildFile; fileRef = 92E16B601CA0875C00E6F271 /* MainInterface.storyboard */; };
		92E16B661CA0875C00E6F271 /* shareURL.appex in Embed App Extensions */ = {isa = PBXBuildFile; fileRef = 92E16B5C1CA0875C00E6F271 /* shareURL.appex */; settings = {ATTRIBUTES = (RemoveHeadersOnCopy, ); }; };
		92FADEB21C966491007C8A94 /* AppDelegate.swift in Sources */ = {isa = PBXBuildFile; fileRef = 92FADEB11C966491007C8A94 /* AppDelegate.swift */; };
		92FADEB41C966491007C8A94 /* FirstViewController.swift in Sources */ = {isa = PBXBuildFile; fileRef = 92FADEB31C966491007C8A94 /* FirstViewController.swift */; };
		92FADEB61C966491007C8A94 /* SecondViewController.swift in Sources */ = {isa = PBXBuildFile; fileRef = 92FADEB51C966491007C8A94 /* SecondViewController.swift */; };
		92FADEB91C966491007C8A94 /* Main.storyboard in Resources */ = {isa = PBXBuildFile; fileRef = 92FADEB71C966491007C8A94 /* Main.storyboard */; };
		92FADEBB1C966491007C8A94 /* Assets.xcassets in Resources */ = {isa = PBXBuildFile; fileRef = 92FADEBA1C966491007C8A94 /* Assets.xcassets */; };
		92FADEBE1C966491007C8A94 /* LaunchScreen.storyboard in Resources */ = {isa = PBXBuildFile; fileRef = 92FADEBC1C966491007C8A94 /* LaunchScreen.storyboard */; };
		92FADEC91C966491007C8A94 /* smarticleTests.swift in Sources */ = {isa = PBXBuildFile; fileRef = 92FADEC81C966491007C8A94 /* smarticleTests.swift */; };
		92FADED41C966491007C8A94 /* smarticleUITests.swift in Sources */ = {isa = PBXBuildFile; fileRef = 92FADED31C966491007C8A94 /* smarticleUITests.swift */; };
		F8F60B64A04E00D3741C5735 /* Pods_smarticle.framework in Frameworks */ = {isa = PBXBuildFile; fileRef = 881BC87AE72813ED7C611408 /* Pods_smarticle.framework */; };
/* End PBXBuildFile section */

/* Begin PBXContainerItemProxy section */
		92E16B641CA0875C00E6F271 /* PBXContainerItemProxy */ = {
			isa = PBXContainerItemProxy;
			containerPortal = 92FADEA61C966491007C8A94 /* Project object */;
			proxyType = 1;
			remoteGlobalIDString = 92E16B5B1CA0875C00E6F271;
			remoteInfo = shareURL;
		};
		92FADEC51C966491007C8A94 /* PBXContainerItemProxy */ = {
			isa = PBXContainerItemProxy;
			containerPortal = 92FADEA61C966491007C8A94 /* Project object */;
			proxyType = 1;
			remoteGlobalIDString = 92FADEAD1C966491007C8A94;
			remoteInfo = smarticle;
		};
		92FADED01C966491007C8A94 /* PBXContainerItemProxy */ = {
			isa = PBXContainerItemProxy;
			containerPortal = 92FADEA61C966491007C8A94 /* Project object */;
			proxyType = 1;
			remoteGlobalIDString = 92FADEAD1C966491007C8A94;
			remoteInfo = smarticle;
		};
/* End PBXContainerItemProxy section */

/* Begin PBXCopyFilesBuildPhase section */
		928586921C9CAFEA00E3C702 /* Embed App Extensions */ = {
			isa = PBXCopyFilesBuildPhase;
			buildActionMask = 2147483647;
			dstPath = "";
			dstSubfolderSpec = 13;
			files = (
				92E16B661CA0875C00E6F271 /* shareURL.appex in Embed App Extensions */,
			);
			name = "Embed App Extensions";
			runOnlyForDeploymentPostprocessing = 0;
		};
/* End PBXCopyFilesBuildPhase section */

/* Begin PBXFileReference section */
		4F486A114B6DF22284D71B07 /* Pods-smarticle.debug.xcconfig */ = {isa = PBXFileReference; includeInIndex = 1; lastKnownFileType = text.xcconfig; name = "Pods-smarticle.debug.xcconfig"; path = "Pods/Target Support Files/Pods-smarticle/Pods-smarticle.debug.xcconfig"; sourceTree = "<group>"; };
		881BC87AE72813ED7C611408 /* Pods_smarticle.framework */ = {isa = PBXFileReference; explicitFileType = wrapper.framework; includeInIndex = 0; path = Pods_smarticle.framework; sourceTree = BUILT_PRODUCTS_DIR; };
		92E16B5C1CA0875C00E6F271 /* shareURL.appex */ = {isa = PBXFileReference; explicitFileType = "wrapper.app-extension"; includeInIndex = 0; path = shareURL.appex; sourceTree = BUILT_PRODUCTS_DIR; };
		92E16B5E1CA0875C00E6F271 /* ShareViewController.swift */ = {isa = PBXFileReference; lastKnownFileType = sourcecode.swift; path = ShareViewController.swift; sourceTree = "<group>"; };
		92E16B611CA0875C00E6F271 /* Base */ = {isa = PBXFileReference; lastKnownFileType = file.storyboard; name = Base; path = Base.lproj/MainInterface.storyboard; sourceTree = "<group>"; };
		92E16B631CA0875C00E6F271 /* Info.plist */ = {isa = PBXFileReference; lastKnownFileType = text.plist.xml; path = Info.plist; sourceTree = "<group>"; };
		92E16B691CA0889100E6F271 /* shareURL.entitlements */ = {isa = PBXFileReference; lastKnownFileType = text.xml; path = shareURL.entitlements; sourceTree = "<group>"; };
		92E16B6A1CA088B000E6F271 /* smarticle.entitlements */ = {isa = PBXFileReference; lastKnownFileType = text.xml; path = smarticle.entitlements; sourceTree = "<group>"; };
		92FADEAE1C966491007C8A94 /* smarticle.app */ = {isa = PBXFileReference; explicitFileType = wrapper.application; includeInIndex = 0; path = smarticle.app; sourceTree = BUILT_PRODUCTS_DIR; };
		92FADEB11C966491007C8A94 /* AppDelegate.swift */ = {isa = PBXFileReference; lastKnownFileType = sourcecode.swift; path = AppDelegate.swift; sourceTree = "<group>"; };
		92FADEB31C966491007C8A94 /* FirstViewController.swift */ = {isa = PBXFileReference; lastKnownFileType = sourcecode.swift; path = FirstViewController.swift; sourceTree = "<group>"; };
		92FADEB51C966491007C8A94 /* SecondViewController.swift */ = {isa = PBXFileReference; lastKnownFileType = sourcecode.swift; path = SecondViewController.swift; sourceTree = "<group>"; };
		92FADEB81C966491007C8A94 /* Base */ = {isa = PBXFileReference; lastKnownFileType = file.storyboard; name = Base; path = Base.lproj/Main.storyboard; sourceTree = "<group>"; };
		92FADEBA1C966491007C8A94 /* Assets.xcassets */ = {isa = PBXFileReference; lastKnownFileType = folder.assetcatalog; path = Assets.xcassets; sourceTree = "<group>"; };
		92FADEBD1C966491007C8A94 /* Base */ = {isa = PBXFileReference; lastKnownFileType = file.storyboard; name = Base; path = Base.lproj/LaunchScreen.storyboard; sourceTree = "<group>"; };
		92FADEBF1C966491007C8A94 /* Info.plist */ = {isa = PBXFileReference; lastKnownFileType = text.plist.xml; path = Info.plist; sourceTree = "<group>"; };
		92FADEC41C966491007C8A94 /* smarticleTests.xctest */ = {isa = PBXFileReference; explicitFileType = wrapper.cfbundle; includeInIndex = 0; path = smarticleTests.xctest; sourceTree = BUILT_PRODUCTS_DIR; };
		92FADEC81C966491007C8A94 /* smarticleTests.swift */ = {isa = PBXFileReference; lastKnownFileType = sourcecode.swift; path = smarticleTests.swift; sourceTree = "<group>"; };
		92FADECA1C966491007C8A94 /* Info.plist */ = {isa = PBXFileReference; lastKnownFileType = text.plist.xml; path = Info.plist; sourceTree = "<group>"; };
		92FADECF1C966491007C8A94 /* smarticleUITests.xctest */ = {isa = PBXFileReference; explicitFileType = wrapper.cfbundle; includeInIndex = 0; path = smarticleUITests.xctest; sourceTree = BUILT_PRODUCTS_DIR; };
		92FADED31C966491007C8A94 /* smarticleUITests.swift */ = {isa = PBXFileReference; lastKnownFileType = sourcecode.swift; path = smarticleUITests.swift; sourceTree = "<group>"; };
		92FADED51C966491007C8A94 /* Info.plist */ = {isa = PBXFileReference; lastKnownFileType = text.plist.xml; path = Info.plist; sourceTree = "<group>"; };
		D35261BAEF0498C3075BB125 /* Pods-smarticle.release.xcconfig */ = {isa = PBXFileReference; includeInIndex = 1; lastKnownFileType = text.xcconfig; name = "Pods-smarticle.release.xcconfig"; path = "Pods/Target Support Files/Pods-smarticle/Pods-smarticle.release.xcconfig"; sourceTree = "<group>"; };
/* End PBXFileReference section */

/* Begin PBXFrameworksBuildPhase section */
		92E16B591CA0875C00E6F271 /* Frameworks */ = {
			isa = PBXFrameworksBuildPhase;
			buildActionMask = 2147483647;
			files = (
			);
			runOnlyForDeploymentPostprocessing = 0;
		};
		92FADEAB1C966491007C8A94 /* Frameworks */ = {
			isa = PBXFrameworksBuildPhase;
			buildActionMask = 2147483647;
			files = (
				F8F60B64A04E00D3741C5735 /* Pods_smarticle.framework in Frameworks */,
			);
			runOnlyForDeploymentPostprocessing = 0;
		};
		92FADEC11C966491007C8A94 /* Frameworks */ = {
			isa = PBXFrameworksBuildPhase;
			buildActionMask = 2147483647;
			files = (
			);
			runOnlyForDeploymentPostprocessing = 0;
		};
		92FADECC1C966491007C8A94 /* Frameworks */ = {
			isa = PBXFrameworksBuildPhase;
			buildActionMask = 2147483647;
			files = (
			);
			runOnlyForDeploymentPostprocessing = 0;
		};
/* End PBXFrameworksBuildPhase section */

/* Begin PBXGroup section */
		2D209689A9DC450CEE33EE1A /* Pods */ = {
			isa = PBXGroup;
			children = (
				4F486A114B6DF22284D71B07 /* Pods-smarticle.debug.xcconfig */,
				D35261BAEF0498C3075BB125 /* Pods-smarticle.release.xcconfig */,
			);
			name = Pods;
			sourceTree = "<group>";
		};
		4488405FAF713BFDC7089C93 /* Frameworks */ = {
			isa = PBXGroup;
			children = (
				881BC87AE72813ED7C611408 /* Pods_smarticle.framework */,
			);
			name = Frameworks;
			sourceTree = "<group>";
		};
		92E16B5D1CA0875C00E6F271 /* shareURL */ = {
			isa = PBXGroup;
			children = (
				92E16B691CA0889100E6F271 /* shareURL.entitlements */,
				92E16B5E1CA0875C00E6F271 /* ShareViewController.swift */,
				92E16B601CA0875C00E6F271 /* MainInterface.storyboard */,
				92E16B631CA0875C00E6F271 /* Info.plist */,
			);
			path = shareURL;
			sourceTree = "<group>";
		};
		92FADEA51C966491007C8A94 = {
			isa = PBXGroup;
			children = (
				92FADEB01C966491007C8A94 /* smarticle */,
				92FADEC71C966491007C8A94 /* smarticleTests */,
				92FADED21C966491007C8A94 /* smarticleUITests */,
				92E16B5D1CA0875C00E6F271 /* shareURL */,
				92FADEAF1C966491007C8A94 /* Products */,
				2D209689A9DC450CEE33EE1A /* Pods */,
				4488405FAF713BFDC7089C93 /* Frameworks */,
			);
			sourceTree = "<group>";
		};
		92FADEAF1C966491007C8A94 /* Products */ = {
			isa = PBXGroup;
			children = (
				92FADEAE1C966491007C8A94 /* smarticle.app */,
				92FADEC41C966491007C8A94 /* smarticleTests.xctest */,
				92FADECF1C966491007C8A94 /* smarticleUITests.xctest */,
				92E16B5C1CA0875C00E6F271 /* shareURL.appex */,
			);
			name = Products;
			sourceTree = "<group>";
		};
		92FADEB01C966491007C8A94 /* smarticle */ = {
			isa = PBXGroup;
			children = (
				92E16B6A1CA088B000E6F271 /* smarticle.entitlements */,
				92FADEB11C966491007C8A94 /* AppDelegate.swift */,
				92FADEB31C966491007C8A94 /* FirstViewController.swift */,
				92FADEB51C966491007C8A94 /* SecondViewController.swift */,
				92FADEB71C966491007C8A94 /* Main.storyboard */,
				92FADEBA1C966491007C8A94 /* Assets.xcassets */,
				92FADEBC1C966491007C8A94 /* LaunchScreen.storyboard */,
				92FADEBF1C966491007C8A94 /* Info.plist */,
			);
			path = smarticle;
			sourceTree = "<group>";
		};
		92FADEC71C966491007C8A94 /* smarticleTests */ = {
			isa = PBXGroup;
			children = (
				92FADEC81C966491007C8A94 /* smarticleTests.swift */,
				92FADECA1C966491007C8A94 /* Info.plist */,
			);
			path = smarticleTests;
			sourceTree = "<group>";
		};
		92FADED21C966491007C8A94 /* smarticleUITests */ = {
			isa = PBXGroup;
			children = (
				92FADED31C966491007C8A94 /* smarticleUITests.swift */,
				92FADED51C966491007C8A94 /* Info.plist */,
			);
			path = smarticleUITests;
			sourceTree = "<group>";
		};
/* End PBXGroup section */

/* Begin PBXNativeTarget section */
		92E16B5B1CA0875C00E6F271 /* shareURL */ = {
			isa = PBXNativeTarget;
			buildConfigurationList = 92E16B681CA0875C00E6F271 /* Build configuration list for PBXNativeTarget "shareURL" */;
			buildPhases = (
				92E16B581CA0875C00E6F271 /* Sources */,
				92E16B591CA0875C00E6F271 /* Frameworks */,
				92E16B5A1CA0875C00E6F271 /* Resources */,
			);
			buildRules = (
			);
			dependencies = (
			);
			name = shareURL;
			productName = shareURL;
			productReference = 92E16B5C1CA0875C00E6F271 /* shareURL.appex */;
			productType = "com.apple.product-type.app-extension";
		};
		92FADEAD1C966491007C8A94 /* smarticle */ = {
			isa = PBXNativeTarget;
			buildConfigurationList = 92FADED81C966491007C8A94 /* Build configuration list for PBXNativeTarget "smarticle" */;
			buildPhases = (
				C872D2A14C61AFF542CEF673 /* Check Pods Manifest.lock */,
				92FADEAA1C966491007C8A94 /* Sources */,
				92FADEAB1C966491007C8A94 /* Frameworks */,
				92FADEAC1C966491007C8A94 /* Resources */,
				2D75BFB72D5431AAB580CBEF /* Embed Pods Frameworks */,
				32D430BB24AAB887110702D5 /* Copy Pods Resources */,
				928586921C9CAFEA00E3C702 /* Embed App Extensions */,
			);
			buildRules = (
			);
			dependencies = (
				92E16B651CA0875C00E6F271 /* PBXTargetDependency */,
			);
			name = smarticle;
			productName = smarticle;
			productReference = 92FADEAE1C966491007C8A94 /* smarticle.app */;
			productType = "com.apple.product-type.application";
		};
		92FADEC31C966491007C8A94 /* smarticleTests */ = {
			isa = PBXNativeTarget;
			buildConfigurationList = 92FADEDB1C966491007C8A94 /* Build configuration list for PBXNativeTarget "smarticleTests" */;
			buildPhases = (
				92FADEC01C966491007C8A94 /* Sources */,
				92FADEC11C966491007C8A94 /* Frameworks */,
				92FADEC21C966491007C8A94 /* Resources */,
			);
			buildRules = (
			);
			dependencies = (
				92FADEC61C966491007C8A94 /* PBXTargetDependency */,
			);
			name = smarticleTests;
			productName = smarticleTests;
			productReference = 92FADEC41C966491007C8A94 /* smarticleTests.xctest */;
			productType = "com.apple.product-type.bundle.unit-test";
		};
		92FADECE1C966491007C8A94 /* smarticleUITests */ = {
			isa = PBXNativeTarget;
			buildConfigurationList = 92FADEDE1C966491007C8A94 /* Build configuration list for PBXNativeTarget "smarticleUITests" */;
			buildPhases = (
				92FADECB1C966491007C8A94 /* Sources */,
				92FADECC1C966491007C8A94 /* Frameworks */,
				92FADECD1C966491007C8A94 /* Resources */,
			);
			buildRules = (
			);
			dependencies = (
				92FADED11C966491007C8A94 /* PBXTargetDependency */,
			);
			name = smarticleUITests;
			productName = smarticleUITests;
			productReference = 92FADECF1C966491007C8A94 /* smarticleUITests.xctest */;
			productType = "com.apple.product-type.bundle.ui-testing";
		};
/* End PBXNativeTarget section */

/* Begin PBXProject section */
		92FADEA61C966491007C8A94 /* Project object */ = {
			isa = PBXProject;
			attributes = {
				LastSwiftUpdateCheck = 0720;
				LastUpgradeCheck = 0720;
				ORGANIZATIONNAME = "Alexander Lin";
				TargetAttributes = {
					92E16B5B1CA0875C00E6F271 = {
						CreatedOnToolsVersion = 7.2.1;
						DevelopmentTeam = S48MJMB7AG;
						SystemCapabilities = {
							com.apple.ApplicationGroups.iOS = {
								enabled = 1;
							};
						};
					};
					92FADEAD1C966491007C8A94 = {
						CreatedOnToolsVersion = 7.2.1;
						DevelopmentTeam = S48MJMB7AG;
						SystemCapabilities = {
							com.apple.ApplicationGroups.iOS = {
								enabled = 1;
							};
						};
					};
					92FADEC31C966491007C8A94 = {
						CreatedOnToolsVersion = 7.2.1;
						TestTargetID = 92FADEAD1C966491007C8A94;
					};
					92FADECE1C966491007C8A94 = {
						CreatedOnToolsVersion = 7.2.1;
						TestTargetID = 92FADEAD1C966491007C8A94;
					};
				};
			};
			buildConfigurationList = 92FADEA91C966491007C8A94 /* Build configuration list for PBXProject "smarticle" */;
			compatibilityVersion = "Xcode 3.2";
			developmentRegion = English;
			hasScannedForEncodings = 0;
			knownRegions = (
				en,
				Base,
			);
			mainGroup = 92FADEA51C966491007C8A94;
			productRefGroup = 92FADEAF1C966491007C8A94 /* Products */;
			projectDirPath = "";
			projectRoot = "";
			targets = (
				92FADEAD1C966491007C8A94 /* smarticle */,
				92FADEC31C966491007C8A94 /* smarticleTests */,
				92FADECE1C966491007C8A94 /* smarticleUITests */,
				92E16B5B1CA0875C00E6F271 /* shareURL */,
			);
		};
/* End PBXProject section */

/* Begin PBXResourcesBuildPhase section */
		92E16B5A1CA0875C00E6F271 /* Resources */ = {
			isa = PBXResourcesBuildPhase;
			buildActionMask = 2147483647;
			files = (
				92E16B621CA0875C00E6F271 /* MainInterface.storyboard in Resources */,
			);
			runOnlyForDeploymentPostprocessing = 0;
		};
		92FADEAC1C966491007C8A94 /* Resources */ = {
			isa = PBXResourcesBuildPhase;
			buildActionMask = 2147483647;
			files = (
				92FADEBE1C966491007C8A94 /* LaunchScreen.storyboard in Resources */,
				92FADEBB1C966491007C8A94 /* Assets.xcassets in Resources */,
				92FADEB91C966491007C8A94 /* Main.storyboard in Resources */,
			);
			runOnlyForDeploymentPostprocessing = 0;
		};
		92FADEC21C966491007C8A94 /* Resources */ = {
			isa = PBXResourcesBuildPhase;
			buildActionMask = 2147483647;
			files = (
			);
			runOnlyForDeploymentPostprocessing = 0;
		};
		92FADECD1C966491007C8A94 /* Resources */ = {
			isa = PBXResourcesBuildPhase;
			buildActionMask = 2147483647;
			files = (
			);
			runOnlyForDeploymentPostprocessing = 0;
		};
/* End PBXResourcesBuildPhase section */

/* Begin PBXShellScriptBuildPhase section */
		2D75BFB72D5431AAB580CBEF /* Embed Pods Frameworks */ = {
			isa = PBXShellScriptBuildPhase;
			buildActionMask = 2147483647;
			files = (
			);
			inputPaths = (
			);
			name = "Embed Pods Frameworks";
			outputPaths = (
			);
			runOnlyForDeploymentPostprocessing = 0;
			shellPath = /bin/sh;
			shellScript = "\"${SRCROOT}/Pods/Target Support Files/Pods-smarticle/Pods-smarticle-frameworks.sh\"\n";
			showEnvVarsInLog = 0;
		};
		32D430BB24AAB887110702D5 /* Copy Pods Resources */ = {
			isa = PBXShellScriptBuildPhase;
			buildActionMask = 2147483647;
			files = (
			);
			inputPaths = (
			);
			name = "Copy Pods Resources";
			outputPaths = (
			);
			runOnlyForDeploymentPostprocessing = 0;
			shellPath = /bin/sh;
			shellScript = "\"${SRCROOT}/Pods/Target Support Files/Pods-smarticle/Pods-smarticle-resources.sh\"\n";
			showEnvVarsInLog = 0;
		};
		C872D2A14C61AFF542CEF673 /* Check Pods Manifest.lock */ = {
			isa = PBXShellScriptBuildPhase;
			buildActionMask = 2147483647;
			files = (
			);
			inputPaths = (
			);
			name = "Check Pods Manifest.lock";
			outputPaths = (
			);
			runOnlyForDeploymentPostprocessing = 0;
			shellPath = /bin/sh;
			shellScript = "diff \"${PODS_ROOT}/../Podfile.lock\" \"${PODS_ROOT}/Manifest.lock\" > /dev/null\nif [[ $? != 0 ]] ; then\n    cat << EOM\nerror: The sandbox is not in sync with the Podfile.lock. Run 'pod install' or update your CocoaPods installation.\nEOM\n    exit 1\nfi\n";
			showEnvVarsInLog = 0;
		};
/* End PBXShellScriptBuildPhase section */

/* Begin PBXSourcesBuildPhase section */
		92E16B581CA0875C00E6F271 /* Sources */ = {
			isa = PBXSourcesBuildPhase;
			buildActionMask = 2147483647;
			files = (
				92E16B5F1CA0875C00E6F271 /* ShareViewController.swift in Sources */,
			);
			runOnlyForDeploymentPostprocessing = 0;
		};
		92FADEAA1C966491007C8A94 /* Sources */ = {
			isa = PBXSourcesBuildPhase;
			buildActionMask = 2147483647;
			files = (
				92FADEB61C966491007C8A94 /* SecondViewController.swift in Sources */,
				92FADEB21C966491007C8A94 /* AppDelegate.swift in Sources */,
				92FADEB41C966491007C8A94 /* FirstViewController.swift in Sources */,
			);
			runOnlyForDeploymentPostprocessing = 0;
		};
		92FADEC01C966491007C8A94 /* Sources */ = {
			isa = PBXSourcesBuildPhase;
			buildActionMask = 2147483647;
			files = (
				92FADEC91C966491007C8A94 /* smarticleTests.swift in Sources */,
			);
			runOnlyForDeploymentPostprocessing = 0;
		};
		92FADECB1C966491007C8A94 /* Sources */ = {
			isa = PBXSourcesBuildPhase;
			buildActionMask = 2147483647;
			files = (
				92FADED41C966491007C8A94 /* smarticleUITests.swift in Sources */,
			);
			runOnlyForDeploymentPostprocessing = 0;
		};
/* End PBXSourcesBuildPhase section */

/* Begin PBXTargetDependency section */
		92E16B651CA0875C00E6F271 /* PBXTargetDependency */ = {
			isa = PBXTargetDependency;
			target = 92E16B5B1CA0875C00E6F271 /* shareURL */;
			targetProxy = 92E16B641CA0875C00E6F271 /* PBXContainerItemProxy */;
		};
		92FADEC61C966491007C8A94 /* PBXTargetDependency */ = {
			isa = PBXTargetDependency;
			target = 92FADEAD1C966491007C8A94 /* smarticle */;
			targetProxy = 92FADEC51C966491007C8A94 /* PBXContainerItemProxy */;
		};
		92FADED11C966491007C8A94 /* PBXTargetDependency */ = {
			isa = PBXTargetDependency;
			target = 92FADEAD1C966491007C8A94 /* smarticle */;
			targetProxy = 92FADED01C966491007C8A94 /* PBXContainerItemProxy */;
		};
/* End PBXTargetDependency section */

/* Begin PBXVariantGroup section */
		92E16B601CA0875C00E6F271 /* MainInterface.storyboard */ = {
			isa = PBXVariantGroup;
			children = (
				92E16B611CA0875C00E6F271 /* Base */,
			);
			name = MainInterface.storyboard;
			sourceTree = "<group>";
		};
		92FADEB71C966491007C8A94 /* Main.storyboard */ = {
			isa = PBXVariantGroup;
			children = (
				92FADEB81C966491007C8A94 /* Base */,
			);
			name = Main.storyboard;
			sourceTree = "<group>";
		};
		92FADEBC1C966491007C8A94 /* LaunchScreen.storyboard */ = {
			isa = PBXVariantGroup;
			children = (
				92FADEBD1C966491007C8A94 /* Base */,
			);
			name = LaunchScreen.storyboard;
			sourceTree = "<group>";
		};
/* End PBXVariantGroup section */

/* Begin XCBuildConfiguration section */
		92E16B671CA0875C00E6F271 /* Release */ = {
			isa = XCBuildConfiguration;
			buildSettings = {
				CODE_SIGN_ENTITLEMENTS = shareURL/shareURL.entitlements;
				CODE_SIGN_IDENTITY = "iPhone Developer";
				"CODE_SIGN_IDENTITY[sdk=iphoneos*]" = "iPhone Developer";
				INFOPLIST_FILE = shareURL/Info.plist;
				LD_RUNPATH_SEARCH_PATHS = "$(inherited) @executable_path/Frameworks @executable_path/../../Frameworks";
				PRODUCT_BUNDLE_IDENTIFIER = com.AlexLin.smarticle.shareURL;
				PRODUCT_NAME = "$(TARGET_NAME)";
				PROVISIONING_PROFILE = "";
				SKIP_INSTALL = YES;
			};
			name = Release;
		};
		92FADED71C966491007C8A94 /* Release */ = {
			isa = XCBuildConfiguration;
			buildSettings = {
				ALWAYS_SEARCH_USER_PATHS = NO;
				CLANG_CXX_LANGUAGE_STANDARD = "gnu++0x";
				CLANG_CXX_LIBRARY = "libc++";
				CLANG_ENABLE_MODULES = YES;
				CLANG_ENABLE_OBJC_ARC = YES;
				CLANG_WARN_BOOL_CONVERSION = YES;
				CLANG_WARN_CONSTANT_CONVERSION = YES;
				CLANG_WARN_DIRECT_OBJC_ISA_USAGE = YES_ERROR;
				CLANG_WARN_EMPTY_BODY = YES;
				CLANG_WARN_ENUM_CONVERSION = YES;
				CLANG_WARN_INT_CONVERSION = YES;
				CLANG_WARN_OBJC_ROOT_CLASS = YES_ERROR;
				CLANG_WARN_UNREACHABLE_CODE = YES;
				CLANG_WARN__DUPLICATE_METHOD_MATCH = YES;
				"CODE_SIGN_IDENTITY[sdk=iphoneos*]" = "iPhone Developer";
				COPY_PHASE_STRIP = NO;
				DEBUG_INFORMATION_FORMAT = "dwarf-with-dsym";
				ENABLE_NS_ASSERTIONS = NO;
				ENABLE_STRICT_OBJC_MSGSEND = YES;
				GCC_C_LANGUAGE_STANDARD = gnu99;
				GCC_NO_COMMON_BLOCKS = YES;
				GCC_WARN_64_TO_32_BIT_CONVERSION = YES;
				GCC_WARN_ABOUT_RETURN_TYPE = YES_ERROR;
				GCC_WARN_UNDECLARED_SELECTOR = YES;
				GCC_WARN_UNINITIALIZED_AUTOS = YES_AGGRESSIVE;
				GCC_WARN_UNUSED_FUNCTION = YES;
				GCC_WARN_UNUSED_VARIABLE = YES;
				IPHONEOS_DEPLOYMENT_TARGET = 9.2;
				MTL_ENABLE_DEBUG_INFO = NO;
				SDKROOT = iphoneos;
				VALIDATE_PRODUCT = YES;
			};
			name = Release;
		};
		92FADEDA1C966491007C8A94 /* Release */ = {
			isa = XCBuildConfiguration;
			baseConfigurationReference = D35261BAEF0498C3075BB125 /* Pods-smarticle.release.xcconfig */;
			buildSettings = {
				ASSETCATALOG_COMPILER_APPICON_NAME = AppIcon;
				CODE_SIGN_ENTITLEMENTS = smarticle/smarticle.entitlements;
				CODE_SIGN_IDENTITY = "iPhone Developer";
				"CODE_SIGN_IDENTITY[sdk=iphoneos*]" = "iPhone Developer";
				EMBEDDED_CONTENT_CONTAINS_SWIFT = YES;
				INFOPLIST_FILE = smarticle/Info.plist;
				LD_RUNPATH_SEARCH_PATHS = "$(inherited) @executable_path/Frameworks";
				PRODUCT_BUNDLE_IDENTIFIER = com.AlexLin.smarticle;
				PRODUCT_NAME = "$(TARGET_NAME)";
				PROVISIONING_PROFILE = "";
			};
			name = Release;
		};
		92FADEDD1C966491007C8A94 /* Release */ = {
			isa = XCBuildConfiguration;
			buildSettings = {
				BUNDLE_LOADER = "$(TEST_HOST)";
				INFOPLIST_FILE = smarticleTests/Info.plist;
				LD_RUNPATH_SEARCH_PATHS = "$(inherited) @executable_path/Frameworks @loader_path/Frameworks";
				PRODUCT_BUNDLE_IDENTIFIER = com.AlexLin.smarticleTests;
				PRODUCT_NAME = "$(TARGET_NAME)";
				TEST_HOST = "$(BUILT_PRODUCTS_DIR)/smarticle.app/smarticle";
			};
			name = Release;
		};
		92FADEE01C966491007C8A94 /* Release */ = {
			isa = XCBuildConfiguration;
			buildSettings = {
				INFOPLIST_FILE = smarticleUITests/Info.plist;
				LD_RUNPATH_SEARCH_PATHS = "$(inherited) @executable_path/Frameworks @loader_path/Frameworks";
				PRODUCT_BUNDLE_IDENTIFIER = com.AlexLin.smarticleUITests;
				PRODUCT_NAME = "$(TARGET_NAME)";
				TEST_TARGET_NAME = smarticle;
				USES_XCTRUNNER = YES;
			};
			name = Release;
		};
/* End XCBuildConfiguration section */

/* Begin XCConfigurationList section */
		92E16B681CA0875C00E6F271 /* Build configuration list for PBXNativeTarget "shareURL" */ = {
			isa = XCConfigurationList;
			buildConfigurations = (
				92E16B671CA0875C00E6F271 /* Release */,
			);
			defaultConfigurationIsVisible = 0;
		};
		92FADEA91C966491007C8A94 /* Build configuration list for PBXProject "smarticle" */ = {
			isa = XCConfigurationList;
			buildConfigurations = (
				92FADED71C966491007C8A94 /* Release */,
			);
			defaultConfigurationIsVisible = 0;
			defaultConfigurationName = Release;
		};
		92FADED81C966491007C8A94 /* Build configuration list for PBXNativeTarget "smarticle" */ = {
			isa = XCConfigurationList;
			buildConfigurations = (
				92FADEDA1C966491007C8A94 /* Release */,
			);
			defaultConfigurationIsVisible = 0;
			defaultConfigurationName = Release;
		};
		92FADEDB1C966491007C8A94 /* Build configuration list for PBXNativeTarget "smarticleTests" */ = {
			isa = XCConfigurationList;
			buildConfigurations = (
				92FADEDD1C966491007C8A94 /* Release */,
			);
			defaultConfigurationIsVisible = 0;
			defaultConfigurationName = Release;
		};
		92FADEDE1C966491007C8A94 /* Build configuration list for PBXNativeTarget "smarticleUITests" */ = {
			isa = XCConfigurationList;
			buildConfigurations = (
				92FADEE01C966491007C8A94 /* Release */,
			);
			defaultConfigurationIsVisible = 0;
			defaultConfigurationName = Release;
		};
/* End XCConfigurationList section */
	};
	rootObject = 92FADEA61C966491007C8A94 /* Project object */;
}
